
Microsoft Visual Studio Solution File, Format Version 12.00
# Visual Studio Version 17
VisualStudioVersion = 17.11.35312.102
MinimumVisualStudioVersion = 10.0.40219.1
Project("{FAE04EC0-301F-11D3-BF4B-00C04F79EFBC}") = "jsingañaExanmen", "jsingañaExanmen\jsingañaExanmen.csproj", "{21BA4EAA-B8ED-42D6-A3D2-4081B24C621B}"
EndProject
Global
	GlobalSection(SolutionConfigurationPlatforms) = preSolution
		Debug|Any CPU = Debug|Any CPU
		Release|Any CPU = Release|Any CPU
	EndGlobalSection
	GlobalSection(ProjectConfigurationPlatforms) = postSolution
		{21BA4EAA-B8ED-42D6-A3D2-4081B24C621B}.Debug|Any CPU.ActiveCfg = Debug|Any CPU
		{21BA4EAA-B8ED-42D6-A3D2-4081B24C621B}.Debug|Any CPU.Build.0 = Debug|Any CPU
		{21BA4EAA-B8ED-42D6-A3D2-4081B24C621B}.Debug|Any CPU.Deploy.0 = Debug|Any CPU
		{21BA4EAA-B8ED-42D6-A3D2-4081B24C621B}.Release|Any CPU.ActiveCfg = Release|Any CPU
		{21BA4EAA-B8ED-42D6-A3D2-4081B24C621B}.Release|Any CPU.Build.0 = Release|Any CPU
		{21BA4EAA-B8ED-42D6-A3D2-4081B24C621B}.Release|Any CPU.Deploy.0 = Release|Any CPU
	EndGlobalSection
	GlobalSection(SolutionProperties) = preSolution
		HideSolutionNode = FALSE
	EndGlobalSection
	GlobalSection(ExtensibilityGlobals) = postSolution
		SolutionGuid = {65DB2E87-2BCC-44C3-8289-C231D514D3E3}
	EndGlobalSection
EndGlobal
